
Microsoft Visual Studio Solution File, Format Version 12.00
# Visual Studio Version 16
VisualStudioVersion = 16.0.31424.327
MinimumVisualStudioVersion = 10.0.40219.1
Project("{8BC9CEB8-8B4A-11D0-8D11-00A0C91BC942}") = "Windowed", "Windowed\Windowed.vcxproj", "{2648C260-C3AB-4DB4-99E8-C2E12802A37F}"
EndProject
Project("{8BC9CEB8-8B4A-11D0-8D11-00A0C91BC942}") = "Exporter", "Exporter\Exporter.vcxproj", "{D525712A-0AD2-4B8F-A502-B5044846A4FF}"
EndProject
Project("{8BC9CEB8-8B4A-11D0-8D11-00A0C91BC942}") = "Sandbox", "Sandbox\Sandbox.vcxproj", "{2354E6E1-4C05-4BD7-B429-3AB9B0FAF7EA}"
EndProject
Project("{8BC9CEB8-8B4A-11D0-8D11-00A0C91BC942}") = "Shared", "Shared\Shared.vcxitems", "{AC30625A-3CDE-4A42-8FFE-C9EF592C9CB7}"
EndProject
Project("{8BC9CEB8-8B4A-11D0-8D11-00A0C91BC942}") = "Extended STD", "..\RPI\Cross-Platform\Cross-Platform.vcxitems", "{D280E1D2-6D39-43FE-AF83-DAE7351D5770}"
EndProject
Global
	GlobalSection(SharedMSBuildProjectFiles) = preSolution
		..\RPI\Cross-Platform\Cross-Platform.vcxitems*{2354e6e1-4c05-4bd7-b429-3ab9b0faf7ea}*SharedItemsImports = 4
		Shared\Shared.vcxitems*{2354e6e1-4c05-4bd7-b429-3ab9b0faf7ea}*SharedItemsImports = 4
		..\RPI\Cross-Platform\Cross-Platform.vcxitems*{2648c260-c3ab-4db4-99e8-c2e12802a37f}*SharedItemsImports = 4
		Shared\Shared.vcxitems*{ac30625a-3cde-4a42-8ffe-c9ef592c9cb7}*SharedItemsImports = 9
		..\RPI\Cross-Platform\Cross-Platform.vcxitems*{d280e1d2-6d39-43fe-af83-dae7351d5770}*SharedItemsImports = 9
		..\RPI\Cross-Platform\Cross-Platform.vcxitems*{d525712a-0ad2-4b8f-a502-b5044846a4ff}*SharedItemsImports = 4
		Shared\Shared.vcxitems*{d525712a-0ad2-4b8f-a502-b5044846a4ff}*SharedItemsImports = 4
	EndGlobalSection
	GlobalSection(SolutionConfigurationPlatforms) = preSolution
		Debug|x64 = Debug|x64
		Debug|x86 = Debug|x86
		Release|x64 = Release|x64
		Release|x86 = Release|x86
	EndGlobalSection
	GlobalSection(ProjectConfigurationPlatforms) = postSolution
		{2648C260-C3AB-4DB4-99E8-C2E12802A37F}.Debug|x64.ActiveCfg = Debug|x64
		{2648C260-C3AB-4DB4-99E8-C2E12802A37F}.Debug|x64.Build.0 = Debug|x64
		{2648C260-C3AB-4DB4-99E8-C2E12802A37F}.Debug|x86.ActiveCfg = Debug|Win32
		{2648C260-C3AB-4DB4-99E8-C2E12802A37F}.Debug|x86.Build.0 = Debug|Win32
		{2648C260-C3AB-4DB4-99E8-C2E12802A37F}.Release|x64.ActiveCfg = Release|x64
		{2648C260-C3AB-4DB4-99E8-C2E12802A37F}.Release|x64.Build.0 = Release|x64
		{2648C260-C3AB-4DB4-99E8-C2E12802A37F}.Release|x86.ActiveCfg = Release|Win32
		{2648C260-C3AB-4DB4-99E8-C2E12802A37F}.Release|x86.Build.0 = Release|Win32
		{D525712A-0AD2-4B8F-A502-B5044846A4FF}.Debug|x64.ActiveCfg = Debug|x64
		{D525712A-0AD2-4B8F-A502-B5044846A4FF}.Debug|x64.Build.0 = Debug|x64
		{D525712A-0AD2-4B8F-A502-B5044846A4FF}.Debug|x86.ActiveCfg = Debug|Win32
		{D525712A-0AD2-4B8F-A502-B5044846A4FF}.Debug|x86.Build.0 = Debug|Win32
		{D525712A-0AD2-4B8F-A502-B5044846A4FF}.Release|x64.ActiveCfg = Release|x64
		{D525712A-0AD2-4B8F-A502-B5044846A4FF}.Release|x64.Build.0 = Release|x64
		{D525712A-0AD2-4B8F-A502-B5044846A4FF}.Release|x86.ActiveCfg = Release|Win32
		{D525712A-0AD2-4B8F-A502-B5044846A4FF}.Release|x86.Build.0 = Release|Win32
		{2354E6E1-4C05-4BD7-B429-3AB9B0FAF7EA}.Debug|x64.ActiveCfg = Debug|x64
		{2354E6E1-4C05-4BD7-B429-3AB9B0FAF7EA}.Debug|x64.Build.0 = Debug|x64
		{2354E6E1-4C05-4BD7-B429-3AB9B0FAF7EA}.Debug|x86.ActiveCfg = Debug|Win32
		{2354E6E1-4C05-4BD7-B429-3AB9B0FAF7EA}.Debug|x86.Build.0 = Debug|Win32
		{2354E6E1-4C05-4BD7-B429-3AB9B0FAF7EA}.Release|x64.ActiveCfg = Release|x64
		{2354E6E1-4C05-4BD7-B429-3AB9B0FAF7EA}.Release|x64.Build.0 = Release|x64
		{2354E6E1-4C05-4BD7-B429-3AB9B0FAF7EA}.Release|x86.ActiveCfg = Release|Win32
		{2354E6E1-4C05-4BD7-B429-3AB9B0FAF7EA}.Release|x86.Build.0 = Release|Win32
	EndGlobalSection
	GlobalSection(SolutionProperties) = preSolution
		HideSolutionNode = FALSE
	EndGlobalSection
	GlobalSection(ExtensibilityGlobals) = postSolution
		SolutionGuid = {2F41D401-A1E3-4275-9FA3-EFC099AF6B47}
	EndGlobalSection
EndGlobal
